{
  "name": "webchat",
  "version": "0.1.0",
  "lockfileVersion": 1,
  "requires": true,
  "dependencies": {
    "pomelo-jsclient-websocket": {
      "version": "0.1.1",
      "resolved": "https://registry.npmjs.org/pomelo-jsclient-websocket/-/pomelo-jsclient-websocket-0.1.1.tgz",
      "integrity": "sha1-XJy+G+E3jul9V65iro98hRasQoM="
    }
  }
}
